{
    "version": "0.5",
    "requires": [
        "zlib/1.3.1#b8bc2603263cf7eccbd6e17e66b0ed76%1736442063.163",
        "tiny-aes-c/1.0.0#0f0a930c53a0d33d5a91a4c930f836ab%1743667795.615",
        "spdlog/1.15.0#da21f74dd84627fa68601c4e3b9c3f00%1731353167.297",
        "secp256k1/0.22.0#a10d5f434e85bf2f46aaa26f1195ded0%1744727680.315",
        "libbacktrace/cci.20210118#a7691bfccd8caaf66309df196790a5a1%1725632951.012",
        "infrastructure/0.41.0#de2ef0ab071009f5cc7772189f99f919%1744727878.2599115",
        "gmp/6.3.0#df20ffb6d21c34d67704305bcd1dea9e%1716966936.742",
        "fmt/11.0.2#b4a24d70b93466b9b508ddb7b014643b%1735899162.196",
        "expected-lite/0.8.0#f87b3ec27a4f46894950b70f8d08af24%1717770563.402",
        "ctre/3.9.0#318a83b26476a59466795daac928f3ec%1716966898.508",
        "bzip2/1.0.8#00b4a4658791c1f06914e087f0e792f5%1744714891.077",
        "boost/1.86.0#ce76e7477e466d7d8cbcf738c5d64175%1736442226.917"
    ],
    "build_requires": [
        "m4/1.4.19#b38ced39a01e31fef5435bc634461fd2%1700758725.451",
        "b2/5.3.1#17d161cafc8f83e47e1e88dd107b17ff%1743826941.334"
    ],
    "python_requires": [],
    "config_requires": []
}