{
    "version": "0.5",
    "requires": [
        "tiny-aes-c/1.0.0#0f0a930c53a0d33d5a91a4c930f836ab%1743667795.615",
        "spdlog/1.15.1#92e99f07f134481bce4b70c1a41060e7%1738512735.307",
        "secp256k1/0.22.0#a10d5f434e85bf2f46aaa26f1195ded0%1744727839.291",
        "infrastructure/0.41.0#8de30f7564667fb0b6f4cd2a1dc30a59%1744820642.641",
        "gmp/6.3.0#5d35f59231802942e55c6814711cb035%1748852188.651",
        "fmt/11.1.3#8364f0feb23ee32e4b870455edb552ae%1738512514.619",
        "expected-lite/0.8.0#f87b3ec27a4f46894950b70f8d08af24%1717770563.402",
        "ctre/3.9.0#318a83b26476a59466795daac928f3ec%1715925273.754",
        "boost/1.86.0#b389df94f8fa0e15145bc66322ca0e82%1744128935.009"
    ],
    "build_requires": [
        "nodejs/16.3.0#a7eaed2d69910ba185e2ddce7a926cd1%1699800365.225",
        "m4/1.4.19#b38ced39a01e31fef5435bc634461fd2%1700758725.451",
        "emsdk/3.1.73#7dd9b10cfb811b620856f87c3a71c070%1733421474.308"
    ],
    "python_requires": [],
    "config_requires": []
}