{
    "version": "0.5",
    "requires": [
        "zlib/1.2.13#13c96f538b52e1600c40b88994de240f%1678736972.703",
        "spdlog/1.11.0#faa6eb03bd1009bf2070b0c77e4f56a6%1678736998.912",
        "secp256k1/0.17.0#c376bc7bd3641b0034853faca6e2dde3%1678827745.543",
        "libiconv/1.17#fa54397801cd96911a8294bc5fc76335%1675449822.495",
        "libbacktrace/cci.20210118#ec1aa63bbc10145c6a299e68e711670c%1678736970.507",
        "infrastructure/0.24.0#9a66a16107a263208ae4d8bbe2550830%1678829413.918",
        "gmp/6.2.1#9cd6e4a851f6ffd6ea5b5d563f23abcc%1678458361.989",
        "fmt/9.1.0#e747928f85b03f48aaf227ff897d9634%1678736980.234",
        "bzip2/1.0.8#23cc41191fd58460207c5db046033507%1678736990.68",
        "boost/1.81.0#8dcd9d9df9e0d320714b83cceddbe120%1678737953.628"
    ],
    "build_requires": [
        "m4/1.4.19#7689d2cae05587d0efb12261ddc4124d%1674259649.887",
        "b2/4.9.3#5445210661950ce568cfd76158d9e117%1675784082.47"
    ],
    "python_requires": []
}